{
    "schema_version": 1,
    "plugins": [
        {
            "key": "fixture.delivery-record",
            "version": "1.0.0",
            "source": {
                "type": "canonical-contents",
                "reference": "canonical-plugin-contents-v1",
                "sha256": "961c8f4975890e0172ab5ee370f2ac062dc70b4b43d099d18151e29ca9ce7961"
            },
            "trust": {
                "channel": "bundled",
                "origin": {
                    "type": "repository-contents",
                    "reference": "canonical-plugin-contents-v1"
                },
                "archive": {
                    "status": "not-issued",
                    "sha256": null
                },
                "signature": {
                    "status": "not-issued",
                    "key_id": null
                },
                "sbom": {
                    "status": "not-issued",
                    "sha256": null
                },
                "license": {
                    "identifier": "Apache-2.0",
                    "status": "declared"
                },
                "qualification": {
                    "status": "bundled-locked",
                    "review": "not-reviewed",
                    "vulnerability_response": "not-configured",
                    "marketplace": "blocked"
                },
                "compatibility": {
                    "modules": [
                        {
                            "key": "fixture.delivery-record",
                            "version": "1.0.0",
                            "kernel_constraint": "^1.0",
                            "dependencies": [],
                            "permissions": {
                                "path": "resources/permissions.json",
                                "sha256": "b182a0e7a16b5afd72afb1700551818252f26e1cdb7ae4f6f0fe93231025adfe"
                            },
                            "migrations": {
                                "reversibility": "verified-backup-required",
                                "files": [
                                    {
                                        "key": "fixture.delivery-record:20260814050101_create_fixture_delivery_records",
                                        "sha256": "88852ab29baeaaaafd08de4377452b99d6d8bd40222583a1746ef449af6a13a7"
                                    }
                                ]
                            }
                        }
                    ]
                }
            },
            "composer": [
                {
                    "name": "peanut-business/fixture-delivery-record",
                    "version": "1.0.0",
                    "sha256": "484952f9f5156ef1131b82c71ec124e9ca529a948025c4f62de9bbb3c6fd258a"
                }
            ],
            "npm": [
                {
                    "name": "@peanut-admin/fixture-delivery-record",
                    "version": "1.0.0",
                    "integrity": "sha256-QcAVCuXkfgGZ9z7/7nuJ7b/orjkxRyEwvAosm3wenQY="
                }
            ],
            "frontend": [
                {
                    "client_key": "admin-web",
                    "package": "@peanut-admin/fixture-delivery-record",
                    "version": "1.0.0",
                    "entry": "web/src/modules/fixture-delivery-record/contribution.ts",
                    "sha256": "ddb64b2c302b8e9dd6c31b6c0df61c311dcca21b1f6c4a29128e761ea5901a3c"
                }
            ],
            "modules": [
                {
                    "key": "fixture.delivery-record",
                    "root": "server/app/modules/fixture/delivery_record"
                }
            ],
            "manifest": "plugins/fixture.delivery-record/plugin.json",
            "manifest_sha256": "fbcfc9ecac759db3df67c99891877f670f98269ec137c7bad2049fb4bde92159"
        },
        {
            "key": "official.article",
            "version": "1.0.0",
            "source": {
                "type": "canonical-contents",
                "reference": "canonical-plugin-contents-v1",
                "sha256": "7fb8bb65dbe8a87f06866bfac9938cb5123644d8d2bf063c7f283040c6efcb70"
            },
            "trust": {
                "channel": "bundled",
                "origin": {
                    "type": "repository-contents",
                    "reference": "canonical-plugin-contents-v1"
                },
                "archive": {
                    "status": "not-issued",
                    "sha256": null
                },
                "signature": {
                    "status": "not-issued",
                    "key_id": null
                },
                "sbom": {
                    "status": "not-issued",
                    "sha256": null
                },
                "license": {
                    "identifier": "Apache-2.0",
                    "status": "declared"
                },
                "qualification": {
                    "status": "bundled-locked",
                    "review": "not-reviewed",
                    "vulnerability_response": "not-configured",
                    "marketplace": "blocked"
                },
                "compatibility": {
                    "modules": [
                        {
                            "key": "official.article",
                            "version": "1.0.0",
                            "kernel_constraint": "^1.0",
                            "dependencies": [
                                {
                                    "module_key": "official.file",
                                    "version": "^1.0"
                                }
                            ],
                            "permissions": {
                                "path": "resources/permissions.json",
                                "sha256": "acfaad21285fbd1de4fa6120f309e1c85eeb5e77dcb1fa60f1aa9cf88a6158d1"
                            },
                            "migrations": {
                                "reversibility": "verified-backup-required",
                                "files": [
                                    {
                                        "key": "official.article:20260825-adopt-permission-ownership",
                                        "sha256": "4cbbb07345314eeda296e8b8d0a44e2b48b048cd295ab81225fe40b2643bd005"
                                    },
                                    {
                                        "key": "official.article:20260826-namespace-permission-keys",
                                        "sha256": "06c410f96b2833695aea944d207a4b939c3bf7a18c4f2fab6f8e24aaa608af3d"
                                    }
                                ]
                            }
                        }
                    ]
                }
            },
            "composer": [
                {
                    "name": "peanut-business/official-article",
                    "version": "1.0.0",
                    "sha256": "aad872436832fa2fb93fd1a9bfdce3e6fb3b9c3678924ad028f630bc2c4891ad"
                }
            ],
            "npm": [
                {
                    "name": "@peanut-admin/official-article",
                    "version": "1.0.0",
                    "integrity": "sha256-xtpbNEsNdx0vAlU4gShyeGtYVlC9V2ioe9n6akawZak="
                }
            ],
            "frontend": [
                {
                    "client_key": "admin-web",
                    "package": "@peanut-admin/official-article",
                    "version": "1.0.0",
                    "entry": "web/src/modules/official-article/contribution.ts",
                    "sha256": "b1ca6694d9146fcc6e31c130cf2a32e1fd3a2736f7260355b107a74e9eea004f"
                }
            ],
            "modules": [
                {
                    "key": "official.article",
                    "root": "server/app/modules/official/article"
                }
            ],
            "manifest": "plugins/official.article/plugin.json",
            "manifest_sha256": "dac1b4b7fc6e9decfb143a51d9a5c300ef6195dad8dc1c5e69bff005157f7660"
        },
        {
            "key": "official.file",
            "version": "1.0.0",
            "source": {
                "type": "canonical-contents",
                "reference": "canonical-plugin-contents-v1",
                "sha256": "9fd1279591688a55f294dee9b8425d930cde93b77dad2592bb2f909d6815329e"
            },
            "trust": {
                "channel": "bundled",
                "origin": {
                    "type": "repository-contents",
                    "reference": "canonical-plugin-contents-v1"
                },
                "archive": {
                    "status": "not-issued",
                    "sha256": null
                },
                "signature": {
                    "status": "not-issued",
                    "key_id": null
                },
                "sbom": {
                    "status": "not-issued",
                    "sha256": null
                },
                "license": {
                    "identifier": "Apache-2.0",
                    "status": "declared"
                },
                "qualification": {
                    "status": "bundled-locked",
                    "review": "not-reviewed",
                    "vulnerability_response": "not-configured",
                    "marketplace": "blocked"
                },
                "compatibility": {
                    "modules": [
                        {
                            "key": "official.file",
                            "version": "1.0.0",
                            "kernel_constraint": "^1.0",
                            "dependencies": [],
                            "permissions": {
                                "path": "resources/permissions.json",
                                "sha256": "c0154d7b00960587b6c0f4a006ec476f2b2ea158dee76a4e581a2e960bb0dc16"
                            },
                            "migrations": {
                                "reversibility": "verified-backup-required",
                                "files": [
                                    {
                                        "key": "official.file:20260826-namespace-permission-keys",
                                        "sha256": "fd7801e514efdde57945b9756e4303ea8685d02f07dfd86e7131b92ca28003f7"
                                    }
                                ]
                            }
                        }
                    ]
                }
            },
            "composer": [
                {
                    "name": "peanut-business/official-file",
                    "version": "1.0.0",
                    "sha256": "f3fc5061ed7a8255cd3ed19c89608d4ebe7c242af9e21b10d95ece719b276068"
                }
            ],
            "npm": [
                {
                    "name": "@peanut-admin/official-file",
                    "version": "1.0.0",
                    "integrity": "sha256-XNUT0zILw+XWk1UOxTiySagfr6mmuHLQxf9v3PgNs0s="
                }
            ],
            "frontend": [
                {
                    "client_key": "admin-web",
                    "package": "@peanut-admin/official-file",
                    "version": "1.0.0",
                    "entry": "web/src/modules/official-file/contribution.ts",
                    "sha256": "d1e6f282276cf5b0b22f2e92fbc1bd9333d5c4ad244f9aa75568431ec6830bc6"
                }
            ],
            "modules": [
                {
                    "key": "official.file",
                    "root": "server/app/modules/official/file"
                }
            ],
            "manifest": "plugins/official.file/plugin.json",
            "manifest_sha256": "ef9b0c8d11e391d22a16b4389716b8a87ebf06573904770ce84efc718e89ebc7"
        },
        {
            "key": "official.import-export",
            "version": "1.0.0",
            "source": {
                "type": "canonical-contents",
                "reference": "canonical-plugin-contents-v1",
                "sha256": "73baea5bbc4e0878089f738de5618c57e9831a361a596e60288cd23131604931"
            },
            "trust": {
                "channel": "bundled",
                "origin": {
                    "type": "repository-contents",
                    "reference": "canonical-plugin-contents-v1"
                },
                "archive": {
                    "status": "not-issued",
                    "sha256": null
                },
                "signature": {
                    "status": "not-issued",
                    "key_id": null
                },
                "sbom": {
                    "status": "not-issued",
                    "sha256": null
                },
                "license": {
                    "identifier": "Apache-2.0",
                    "status": "declared"
                },
                "qualification": {
                    "status": "bundled-locked",
                    "review": "not-reviewed",
                    "vulnerability_response": "not-configured",
                    "marketplace": "blocked"
                },
                "compatibility": {
                    "modules": [
                        {
                            "key": "official.import-export",
                            "version": "1.0.0",
                            "kernel_constraint": "^1.0",
                            "dependencies": [
                                {
                                    "module_key": "official.file",
                                    "version": "^1.0"
                                },
                                {
                                    "module_key": "official.task",
                                    "version": "^1.0"
                                }
                            ],
                            "permissions": {
                                "path": "resources/permissions.json",
                                "sha256": "56a3a9e239f6d924540f4900197a272ea5368237d98c64f1882865277daf864e"
                            },
                            "migrations": {
                                "reversibility": "verified-backup-required",
                                "files": [
                                    {
                                        "key": "official.import-export:20260826-namespace-permission-keys",
                                        "sha256": "0b7981ec9cf94453697c6cc7f6cc3f0abae9e88769c3a8370b1b57034efa596e"
                                    }
                                ]
                            }
                        }
                    ]
                }
            },
            "composer": [
                {
                    "name": "peanut-business/official-import-export",
                    "version": "1.0.0",
                    "sha256": "333ea85de66bb950d9240b441bc10d1a8e7efb0532a291798b9de153fc70c071"
                }
            ],
            "npm": [
                {
                    "name": "@peanut-admin/official-import-export",
                    "version": "1.0.0",
                    "integrity": "sha256-aBAJcIOLyggscHMD9vGlsxDYvaNZC7aCo1Tyf6CztQ0="
                }
            ],
            "frontend": [
                {
                    "client_key": "admin-web",
                    "package": "@peanut-admin/official-import-export",
                    "version": "1.0.0",
                    "entry": "web/src/modules/official-import-export/contribution.ts",
                    "sha256": "b6c0eae98ed1e4c086f520cd9603d2afad64e2dcbf246a5a3ebe79e431a61694"
                }
            ],
            "modules": [
                {
                    "key": "official.import-export",
                    "root": "server/app/modules/official/import_export"
                }
            ],
            "manifest": "plugins/official.import-export/plugin.json",
            "manifest_sha256": "6f46e94c0578ca1c1b28aa547eb3c4d47957451906d3b74b34b0958a85a4e97a"
        },
        {
            "key": "official.member",
            "version": "1.0.0",
            "source": {
                "type": "canonical-contents",
                "reference": "canonical-plugin-contents-v1",
                "sha256": "66f093d6f69ea2bf869e5a831f5a3a4cd8f1d29f34272f68a85d508aed46cdaa"
            },
            "trust": {
                "channel": "bundled",
                "origin": {
                    "type": "repository-contents",
                    "reference": "canonical-plugin-contents-v1"
                },
                "archive": {
                    "status": "not-issued",
                    "sha256": null
                },
                "signature": {
                    "status": "not-issued",
                    "key_id": null
                },
                "sbom": {
                    "status": "not-issued",
                    "sha256": null
                },
                "license": {
                    "identifier": "Apache-2.0",
                    "status": "declared"
                },
                "qualification": {
                    "status": "bundled-locked",
                    "review": "not-reviewed",
                    "vulnerability_response": "not-configured",
                    "marketplace": "blocked"
                },
                "compatibility": {
                    "modules": [
                        {
                            "key": "official.member",
                            "version": "1.0.0",
                            "kernel_constraint": "^1.0",
                            "dependencies": [
                                {
                                    "module_key": "official.file",
                                    "version": "^1.0"
                                }
                            ],
                            "permissions": {
                                "path": "resources/permissions.json",
                                "sha256": "e62cfbdd9e82165875b38fdcdf57f236fd532737aed2f80921cdd1584e933dc9"
                            },
                            "migrations": {
                                "reversibility": "verified-backup-required",
                                "files": [
                                    {
                                        "key": "official.member:20260826-namespace-permission-keys",
                                        "sha256": "c391d790995786d3ef05002f25a4156b67e42f2f7e4227da39ba15190a1328b0"
                                    }
                                ]
                            }
                        }
                    ]
                }
            },
            "composer": [
                {
                    "name": "peanut-business/official-member",
                    "version": "1.0.0",
                    "sha256": "fed152ff59fb3c15cb68a5811b74ce8987d8e9b379cbd1079c7ba2d06c1a3c07"
                }
            ],
            "npm": [
                {
                    "name": "@peanut-admin/official-member",
                    "version": "1.0.0",
                    "integrity": "sha256-xbesbnxoGnuXgVtn6lxE0zLuZL6g9kRzEKn2pX259E4="
                }
            ],
            "frontend": [
                {
                    "client_key": "admin-web",
                    "package": "@peanut-admin/official-member",
                    "version": "1.0.0",
                    "entry": "web/src/modules/official-member/contribution.ts",
                    "sha256": "86dbd6cd8d6a864b1305184e6c87e81fe7afb00159c3fa0985945738bc8815ba"
                }
            ],
            "modules": [
                {
                    "key": "official.member",
                    "root": "server/app/modules/official/member"
                }
            ],
            "manifest": "plugins/official.member/plugin.json",
            "manifest_sha256": "e88972290422c094901d87019fe43ea31f35858821500eaaef0686c5c6f70a0c"
        },
        {
            "key": "official.notification",
            "version": "1.0.0",
            "source": {
                "type": "canonical-contents",
                "reference": "canonical-plugin-contents-v1",
                "sha256": "f71e28ca0ca2d447d117d7050d41f36d7ec1ed48394f2e8fa44f8542479e5101"
            },
            "trust": {
                "channel": "bundled",
                "origin": {
                    "type": "repository-contents",
                    "reference": "canonical-plugin-contents-v1"
                },
                "archive": {
                    "status": "not-issued",
                    "sha256": null
                },
                "signature": {
                    "status": "not-issued",
                    "key_id": null
                },
                "sbom": {
                    "status": "not-issued",
                    "sha256": null
                },
                "license": {
                    "identifier": "Apache-2.0",
                    "status": "declared"
                },
                "qualification": {
                    "status": "bundled-locked",
                    "review": "not-reviewed",
                    "vulnerability_response": "not-configured",
                    "marketplace": "blocked"
                },
                "compatibility": {
                    "modules": [
                        {
                            "key": "official.notification",
                            "version": "1.0.0",
                            "kernel_constraint": "^1.0",
                            "dependencies": [],
                            "permissions": {
                                "path": "resources/permissions.json",
                                "sha256": "efe0fb68acdf0a8efee4520f6a91ed0ce111c1a0aa1a6f8b4dd8a0fb5bb285d7"
                            },
                            "migrations": {
                                "reversibility": "verified-backup-required",
                                "files": [
                                    {
                                        "key": "official.notification:20260826-namespace-permission-keys",
                                        "sha256": "8be087e7adacb8d34f2fa61111e683a7b15af4b62d93910d3a9655f1a605f606"
                                    }
                                ]
                            }
                        }
                    ]
                }
            },
            "composer": [
                {
                    "name": "peanut-business/official-notification",
                    "version": "1.0.0",
                    "sha256": "935a073ada3bfce4de53e7a257d20b49d763af566f2e9ec2b19fd792fc862234"
                }
            ],
            "npm": [
                {
                    "name": "@peanut-admin/official-notification",
                    "version": "1.0.0",
                    "integrity": "sha256-vpD5PyWvVdnCtMkJbjVkAnhYLgWRFGqwbUhMzVN842Y="
                }
            ],
            "frontend": [
                {
                    "client_key": "admin-web",
                    "package": "@peanut-admin/official-notification",
                    "version": "1.0.0",
                    "entry": "web/src/modules/official-notification/contribution.ts",
                    "sha256": "52e158e825221b241b0d76a3cdb0f60bad05fffe2e29513b9d8378f74c76e333"
                }
            ],
            "modules": [
                {
                    "key": "official.notification",
                    "root": "server/app/modules/official/notification"
                }
            ],
            "manifest": "plugins/official.notification/plugin.json",
            "manifest_sha256": "719e28953e019f86897f13e0bdb1939de0ca2959a0bcef7bdbf5e43769fa6dab"
        },
        {
            "key": "official.oauth",
            "version": "1.0.0",
            "source": {
                "type": "canonical-contents",
                "reference": "canonical-plugin-contents-v1",
                "sha256": "ac22a9ed5a8fcf64047b5c7bd3f171bc912bcef69ae2ab5bfc32f087d2fc9817"
            },
            "trust": {
                "channel": "bundled",
                "origin": {
                    "type": "repository-contents",
                    "reference": "canonical-plugin-contents-v1"
                },
                "archive": {
                    "status": "not-issued",
                    "sha256": null
                },
                "signature": {
                    "status": "not-issued",
                    "key_id": null
                },
                "sbom": {
                    "status": "not-issued",
                    "sha256": null
                },
                "license": {
                    "identifier": "Apache-2.0",
                    "status": "declared"
                },
                "qualification": {
                    "status": "bundled-locked",
                    "review": "not-reviewed",
                    "vulnerability_response": "not-configured",
                    "marketplace": "blocked"
                },
                "compatibility": {
                    "modules": [
                        {
                            "key": "official.oauth",
                            "version": "1.0.0",
                            "kernel_constraint": "^1.0",
                            "dependencies": [
                                {
                                    "module_key": "official.file",
                                    "version": "^1.0"
                                },
                                {
                                    "module_key": "official.member",
                                    "version": "^1.0"
                                },
                                {
                                    "module_key": "official.notification",
                                    "version": "^1.0"
                                }
                            ],
                            "permissions": {
                                "path": "resources/permissions.json",
                                "sha256": "54ef06840401f4353b9def63fdb32aebd5bc5ee3e50a81b0a69186bcb0cf554e"
                            },
                            "migrations": {
                                "reversibility": "verified-backup-required",
                                "files": [
                                    {
                                        "key": "official.oauth:20260826-namespace-permission-keys",
                                        "sha256": "80545720118dbe1b40a97825293bf4d400bbb2a389efb3f8395d5d6dd3d8df49"
                                    }
                                ]
                            }
                        }
                    ]
                }
            },
            "composer": [
                {
                    "name": "peanut-business/official-oauth",
                    "version": "1.0.0",
                    "sha256": "fb927f80607c8f67facee833574af0b5d30245895bb7d8409f798a14272ff516"
                }
            ],
            "npm": [
                {
                    "name": "@peanut-admin/official-oauth",
                    "version": "1.0.0",
                    "integrity": "sha256-49i5EMxVJ5mr609QjknzvDZqSSkJApPO8Z6Lncb1qNw="
                }
            ],
            "frontend": [
                {
                    "client_key": "admin-web",
                    "package": "@peanut-admin/official-oauth",
                    "version": "1.0.0",
                    "entry": "web/src/modules/official-oauth/contribution.ts",
                    "sha256": "a27fd15b1d00ea253bc4e63830e0d41c7d8a4ad27a7f5ac76ee68407263540c8"
                }
            ],
            "modules": [
                {
                    "key": "official.oauth",
                    "root": "server/app/modules/official/oauth"
                }
            ],
            "manifest": "plugins/official.oauth/plugin.json",
            "manifest_sha256": "ecdba007b07f121c79527b6cf2c80b9023e3bf49b63111c9ddea3b453620e509"
        },
        {
            "key": "official.payment",
            "version": "1.0.0",
            "source": {
                "type": "canonical-contents",
                "reference": "canonical-plugin-contents-v1",
                "sha256": "e152c80a680a454b7e6533e9e6c76fd9673a66f1c1beb627bd4955abb5042afd"
            },
            "trust": {
                "channel": "bundled",
                "origin": {
                    "type": "repository-contents",
                    "reference": "canonical-plugin-contents-v1"
                },
                "archive": {
                    "status": "not-issued",
                    "sha256": null
                },
                "signature": {
                    "status": "not-issued",
                    "key_id": null
                },
                "sbom": {
                    "status": "not-issued",
                    "sha256": null
                },
                "license": {
                    "identifier": "Apache-2.0",
                    "status": "declared"
                },
                "qualification": {
                    "status": "bundled-locked",
                    "review": "not-reviewed",
                    "vulnerability_response": "not-configured",
                    "marketplace": "blocked"
                },
                "compatibility": {
                    "modules": [
                        {
                            "key": "official.payment",
                            "version": "1.0.0",
                            "kernel_constraint": "^1.0",
                            "dependencies": [
                                {
                                    "module_key": "official.member",
                                    "version": "^1.0"
                                },
                                {
                                    "module_key": "official.oauth",
                                    "version": "^1.0"
                                }
                            ],
                            "permissions": {
                                "path": "resources/permissions.json",
                                "sha256": "aa6abbc566274b212710800ce6175e3da2d4837574c4d3b45247eed7dee67c3a"
                            },
                            "migrations": {
                                "reversibility": "verified-backup-required",
                                "files": [
                                    {
                                        "key": "official.payment:20260826-namespace-permission-keys",
                                        "sha256": "c216a6dc4934549fb1388fa864b64e4e4222f40a9ae00f90484133452dc36f84"
                                    }
                                ]
                            }
                        }
                    ]
                }
            },
            "composer": [
                {
                    "name": "peanut-business/official-payment",
                    "version": "1.0.0",
                    "sha256": "92cf9890b3f08285056bd608e8aad318b0137a6ccade503a63d78d630a71e070"
                }
            ],
            "npm": [
                {
                    "name": "@peanut-admin/official-payment",
                    "version": "1.0.0",
                    "integrity": "sha256-x8VB2enJjzVI3AuBsd0XKqHpwvkSReazXqViKLy+cCc="
                }
            ],
            "frontend": [
                {
                    "client_key": "admin-web",
                    "package": "@peanut-admin/official-payment",
                    "version": "1.0.0",
                    "entry": "web/src/modules/official-payment/contribution.ts",
                    "sha256": "7db36def1be7bbb92529b8e92584a674ed4f94a6121c1866117bb44386337683"
                }
            ],
            "modules": [
                {
                    "key": "official.payment",
                    "root": "server/app/modules/official/payment"
                }
            ],
            "manifest": "plugins/official.payment/plugin.json",
            "manifest_sha256": "0282928c968eeb0abfb207373cc6d364c12882e5d895908019cdd6445016dcfe"
        },
        {
            "key": "official.rich-text",
            "version": "1.0.1",
            "source": {
                "type": "canonical-contents",
                "reference": "canonical-plugin-contents-v1",
                "sha256": "333cba24e1c096f0b3abf7c5486752f0ecf5b03af815ebfc844b21fbcbea2bbc"
            },
            "trust": {
                "channel": "bundled",
                "origin": {
                    "type": "repository-contents",
                    "reference": "canonical-plugin-contents-v1"
                },
                "archive": {
                    "status": "not-issued",
                    "sha256": null
                },
                "signature": {
                    "status": "not-issued",
                    "key_id": null
                },
                "sbom": {
                    "status": "not-issued",
                    "sha256": null
                },
                "license": {
                    "identifier": "Apache-2.0",
                    "status": "declared"
                },
                "qualification": {
                    "status": "bundled-locked",
                    "review": "not-reviewed",
                    "vulnerability_response": "not-configured",
                    "marketplace": "blocked"
                },
                "compatibility": {
                    "modules": [
                        {
                            "key": "official.rich-text",
                            "version": "1.0.1",
                            "kernel_constraint": "^1.0",
                            "dependencies": [],
                            "permissions": {
                                "path": "resources/permissions.json",
                                "sha256": "289640e0f2c43a3dee7d6557005a1ad72a01bf180c3492d5f0dbd08acb5fe2e1"
                            },
                            "migrations": {
                                "reversibility": "verified-backup-required",
                                "files": [
                                    {
                                        "key": "official.rich-text:20260903-create-rich-text-document",
                                        "sha256": "f9bd6105f0ba0a99e1a4dae86348561cb710d29d4216c5cb73ada3e488105f32"
                                    }
                                ]
                            }
                        }
                    ]
                }
            },
            "composer": [
                {
                    "name": "peanut-business/official-rich-text",
                    "version": "1.0.1",
                    "sha256": "f3e79546f6ab40d9950692019ddb97a256d91685a863efc9515d9ca097ff3c21"
                }
            ],
            "npm": [
                {
                    "name": "@peanut-admin/official-rich-text",
                    "version": "1.0.1",
                    "integrity": "sha256-ih9ohP+n7dRaTkPaVmWEgUGxHUxPCTVmmFrHyo59Tb4="
                }
            ],
            "frontend": [
                {
                    "client_key": "admin-web",
                    "package": "@peanut-admin/official-rich-text",
                    "version": "1.0.1",
                    "entry": "web/src/modules/official-rich-text/contribution.ts",
                    "sha256": "fd2b648b21c7d6fbe58263ebfd079481adeff50ab3ff04a2daa2e42eff184c31"
                }
            ],
            "modules": [
                {
                    "key": "official.rich-text",
                    "root": "server/app/modules/official/rich_text"
                }
            ],
            "manifest": "plugins/official.rich-text/plugin.json",
            "manifest_sha256": "15178e4dcd7df58e543b44cb96b1ac79f7003d6d25b1c9475a742cdbba5ec8d2"
        },
        {
            "key": "official.task",
            "version": "1.0.0",
            "source": {
                "type": "canonical-contents",
                "reference": "canonical-plugin-contents-v1",
                "sha256": "a71d00049520a03088e4ff654ab89c8f8d3cc2783b359d0b75e4a672811d2a47"
            },
            "trust": {
                "channel": "bundled",
                "origin": {
                    "type": "repository-contents",
                    "reference": "canonical-plugin-contents-v1"
                },
                "archive": {
                    "status": "not-issued",
                    "sha256": null
                },
                "signature": {
                    "status": "not-issued",
                    "key_id": null
                },
                "sbom": {
                    "status": "not-issued",
                    "sha256": null
                },
                "license": {
                    "identifier": "Apache-2.0",
                    "status": "declared"
                },
                "qualification": {
                    "status": "bundled-locked",
                    "review": "not-reviewed",
                    "vulnerability_response": "not-configured",
                    "marketplace": "blocked"
                },
                "compatibility": {
                    "modules": [
                        {
                            "key": "official.task",
                            "version": "1.0.0",
                            "kernel_constraint": "^1.0",
                            "dependencies": [],
                            "permissions": {
                                "path": "resources/permissions.json",
                                "sha256": "6ce89a45c118e3e1bf1d58021c6990f975c61728537d6998baf5af99f21b0b64"
                            },
                            "migrations": {
                                "reversibility": "verified-backup-required",
                                "files": [
                                    {
                                        "key": "official.task:20260826-namespace-permission-keys",
                                        "sha256": "81bff457523333ad56c1d30fb84094fbf3941902c37a56f27fe291c09145d131"
                                    }
                                ]
                            }
                        }
                    ]
                }
            },
            "composer": [
                {
                    "name": "peanut-business/official-task",
                    "version": "1.0.0",
                    "sha256": "97367f6baad2932080f36e9d2973a46d6d6ffd45c4529356b47a938e0e080540"
                }
            ],
            "npm": [
                {
                    "name": "@peanut-admin/official-task",
                    "version": "1.0.0",
                    "integrity": "sha256-wHmsd91Kebh63/dOQaa1oUCLqrdfGdbCCsrVmY6ks4w="
                }
            ],
            "frontend": [
                {
                    "client_key": "admin-web",
                    "package": "@peanut-admin/official-task",
                    "version": "1.0.0",
                    "entry": "web/src/modules/official-task/contribution.ts",
                    "sha256": "da65699fdbab0eb7b588bcf5b3c982c7c9ac3cfb5edbdbc678678a032c496972"
                }
            ],
            "modules": [
                {
                    "key": "official.task",
                    "root": "server/app/modules/official/task"
                }
            ],
            "manifest": "plugins/official.task/plugin.json",
            "manifest_sha256": "8e3b2cb1ffdf6d0d95e3d473329c253a020a51e0cb05d325b8246254b6bfb5f7"
        }
    ]
}
